
Microsoft Visual Studio Solution File, Format Version 12.00
# Visual Studio 15
VisualStudioVersion = 15.0.27703.2000
MinimumVisualStudioVersion = 10.0.40219.1
Project("{8BC9CEB8-8B4A-11D0-8D11-00A0C91BC942}") = "Roadef2018", "PLB.vcxproj", "{FC51DF51-C49F-4B44-A1DA-8553546A91FE}"
EndProject
Global
	GlobalSection(Performance) = preSolution
		HasPerformanceSessions = true
	EndGlobalSection
	GlobalSection(SolutionConfigurationPlatforms) = preSolution
		Debug|x86 = Debug|x86
		Release|x86 = Release|x86
	EndGlobalSection
	GlobalSection(ProjectConfigurationPlatforms) = postSolution
		{FC51DF51-C49F-4B44-A1DA-8553546A91FE}.Debug|x86.ActiveCfg = Debug|Win32
		{FC51DF51-C49F-4B44-A1DA-8553546A91FE}.Debug|x86.Build.0 = Debug|Win32
		{FC51DF51-C49F-4B44-A1DA-8553546A91FE}.Release|x86.ActiveCfg = Release|Win32
		{FC51DF51-C49F-4B44-A1DA-8553546A91FE}.Release|x86.Build.0 = Release|Win32
	EndGlobalSection
	GlobalSection(SolutionProperties) = preSolution
		HideSolutionNode = FALSE
	EndGlobalSection
	GlobalSection(ExtensibilityGlobals) = postSolution
		SolutionGuid = {7F18707F-F7C6-436C-A77A-25D836EF9168}
	EndGlobalSection
	GlobalSection(Performance) = preSolution
		HasPerformanceSessions = true
	EndGlobalSection
EndGlobal
